{
  "object": {
    "pins": [
      {
        "package": "ACQPaymentSDK",
        "repositoryURL": "git@github.com:AcquiredSupport/Acquired-iOS-MacOS.git",
        "state": {
          "branch": null,
          "revision": "703703c829240e47ddd6899142b0eac80c4f7b07",
          "version": "1.0.4"
        }
      },
      {
        "package": "TrustKit",
        "repositoryURL": "git@github.com:datatheorem/TrustKit.git",
        "state": {
          "branch": null,
          "revision": "3e98aeb36aff65067cdae55bca7be7f1157deffb",
          "version": "2.0.0"
        }
      }
    ]
  },
  "version": 1
}
